
Microsoft Visual Studio Solution File, Format Version 12.00
# Visual Studio 15
VisualStudioVersion = 15.0.27130.2010
MinimumVisualStudioVersion = 10.0.40219.1
Project("{FAE04EC0-301F-11D3-BF4B-00C04F79EFBC}") = "Testinator.Core", "Testinator.Core\Testinator.Core.csproj", "{F592FA60-030D-440B-BB00-ED4EA5A919F6}"
EndProject
Project("{930C7802-8A8C-48F9-8165-68863BCCD9DD}") = "Testinator.Client.Installer", "Testinator.Client.Installer\Testinator.Client.Installer.wixproj", "{A91B0DAF-7419-4004-8D20-D4B5ABFA8C8F}"
EndProject
Project("{FAE04EC0-301F-11D3-BF4B-00C04F79EFBC}") = "Testinator.UnitTests", "Testinator.UnitTests\Testinator.UnitTests.csproj", "{20605972-C365-4A30-B3B7-858F45573E73}"
EndProject
Project("{FAE04EC0-301F-11D3-BF4B-00C04F79EFBC}") = "Testinator.Client.Core", "Testinator.Client.Core\Testinator.Client.Core.csproj", "{72EDAAB3-63A8-46A2-8426-FB26D379AE67}"
EndProject
Project("{FAE04EC0-301F-11D3-BF4B-00C04F79EFBC}") = "Testinator.Server.Core", "Testinator.Server.Core\Testinator.Server.Core.csproj", "{0629C245-6D61-4749-99B8-8123D14A53AA}"
EndProject
Project("{FAE04EC0-301F-11D3-BF4B-00C04F79EFBC}") = "Testinator.Network.Client", "Testinator.Network.Client\Testinator.Network.Client.csproj", "{189AB7CB-DD5D-48A6-87B8-C7CBFEC4C27E}"
EndProject
Project("{FAE04EC0-301F-11D3-BF4B-00C04F79EFBC}") = "Testinator.Network.Server", "Testinator.Network.Server\Testinator.Network.Server.csproj", "{8D6C748D-3E62-44F6-BAA0-4258A8D04C15}"
EndProject
Project("{FAE04EC0-301F-11D3-BF4B-00C04F79EFBC}") = "Testinator.Server", "Testinator.Server\Testinator.Server.csproj", "{B8509009-0250-4E7F-9187-FD01A778562F}"
EndProject
Project("{FAE04EC0-301F-11D3-BF4B-00C04F79EFBC}") = "Testinator.Client", "Testinator.Client\Testinator.Client.csproj", "{83039784-E5D4-4C75-B213-F11D42FC36B9}"
EndProject
Project("{FAE04EC0-301F-11D3-BF4B-00C04F79EFBC}") = "Testinator.UICore", "Testinator.UICore\Testinator.UICore.csproj", "{90C0CA2B-3524-49DA-A58A-0DF92F7EAED8}"
EndProject
Project("{930C7802-8A8C-48F9-8165-68863BCCD9DD}") = "Testinator.Server.Installer", "Testinator.Server.Installer\Testinator.Server.Installer.wixproj", "{6D071206-3DC3-4547-AC08-43345E3BF786}"
EndProject
Global
	GlobalSection(SolutionConfigurationPlatforms) = preSolution
		Debug|Any CPU = Debug|Any CPU
		Debug|x86 = Debug|x86
		Release|Any CPU = Release|Any CPU
		Release|x86 = Release|x86
	EndGlobalSection
	GlobalSection(ProjectConfigurationPlatforms) = postSolution
		{F592FA60-030D-440B-BB00-ED4EA5A919F6}.Debug|Any CPU.ActiveCfg = Debug|Any CPU
		{F592FA60-030D-440B-BB00-ED4EA5A919F6}.Debug|Any CPU.Build.0 = Debug|Any CPU
		{F592FA60-030D-440B-BB00-ED4EA5A919F6}.Debug|x86.ActiveCfg = Debug|Any CPU
		{F592FA60-030D-440B-BB00-ED4EA5A919F6}.Debug|x86.Build.0 = Debug|Any CPU
		{F592FA60-030D-440B-BB00-ED4EA5A919F6}.Release|Any CPU.ActiveCfg = Release|Any CPU
		{F592FA60-030D-440B-BB00-ED4EA5A919F6}.Release|Any CPU.Build.0 = Release|Any CPU
		{F592FA60-030D-440B-BB00-ED4EA5A919F6}.Release|x86.ActiveCfg = Release|Any CPU
		{F592FA60-030D-440B-BB00-ED4EA5A919F6}.Release|x86.Build.0 = Release|Any CPU
		{A91B0DAF-7419-4004-8D20-D4B5ABFA8C8F}.Debug|Any CPU.ActiveCfg = Debug|x64
		{A91B0DAF-7419-4004-8D20-D4B5ABFA8C8F}.Debug|x86.ActiveCfg = Debug|x86
		{A91B0DAF-7419-4004-8D20-D4B5ABFA8C8F}.Debug|x86.Build.0 = Debug|x86
		{A91B0DAF-7419-4004-8D20-D4B5ABFA8C8F}.Release|Any CPU.ActiveCfg = Release|x86
		{A91B0DAF-7419-4004-8D20-D4B5ABFA8C8F}.Release|x86.ActiveCfg = Release|x86
		{A91B0DAF-7419-4004-8D20-D4B5ABFA8C8F}.Release|x86.Build.0 = Release|x86
		{20605972-C365-4A30-B3B7-858F45573E73}.Debug|Any CPU.ActiveCfg = Debug|Any CPU
		{20605972-C365-4A30-B3B7-858F45573E73}.Debug|Any CPU.Build.0 = Debug|Any CPU
		{20605972-C365-4A30-B3B7-858F45573E73}.Debug|x86.ActiveCfg = Debug|Any CPU
		{20605972-C365-4A30-B3B7-858F45573E73}.Debug|x86.Build.0 = Debug|Any CPU
		{20605972-C365-4A30-B3B7-858F45573E73}.Release|Any CPU.ActiveCfg = Release|Any CPU
		{20605972-C365-4A30-B3B7-858F45573E73}.Release|Any CPU.Build.0 = Release|Any CPU
		{20605972-C365-4A30-B3B7-858F45573E73}.Release|x86.ActiveCfg = Release|Any CPU
		{20605972-C365-4A30-B3B7-858F45573E73}.Release|x86.Build.0 = Release|Any CPU
		{72EDAAB3-63A8-46A2-8426-FB26D379AE67}.Debug|Any CPU.ActiveCfg = Debug|Any CPU
		{72EDAAB3-63A8-46A2-8426-FB26D379AE67}.Debug|Any CPU.Build.0 = Debug|Any CPU
		{72EDAAB3-63A8-46A2-8426-FB26D379AE67}.Debug|x86.ActiveCfg = Debug|Any CPU
		{72EDAAB3-63A8-46A2-8426-FB26D379AE67}.Debug|x86.Build.0 = Debug|Any CPU
		{72EDAAB3-63A8-46A2-8426-FB26D379AE67}.Release|Any CPU.ActiveCfg = Release|Any CPU
		{72EDAAB3-63A8-46A2-8426-FB26D379AE67}.Release|Any CPU.Build.0 = Release|Any CPU
		{72EDAAB3-63A8-46A2-8426-FB26D379AE67}.Release|x86.ActiveCfg = Release|Any CPU
		{72EDAAB3-63A8-46A2-8426-FB26D379AE67}.Release|x86.Build.0 = Release|Any CPU
		{0629C245-6D61-4749-99B8-8123D14A53AA}.Debug|Any CPU.ActiveCfg = Debug|Any CPU
		{0629C245-6D61-4749-99B8-8123D14A53AA}.Debug|Any CPU.Build.0 = Debug|Any CPU
		{0629C245-6D61-4749-99B8-8123D14A53AA}.Debug|x86.ActiveCfg = Debug|Any CPU
		{0629C245-6D61-4749-99B8-8123D14A53AA}.Debug|x86.Build.0 = Debug|Any CPU
		{0629C245-6D61-4749-99B8-8123D14A53AA}.Release|Any CPU.ActiveCfg = Release|Any CPU
		{0629C245-6D61-4749-99B8-8123D14A53AA}.Release|Any CPU.Build.0 = Release|Any CPU
		{0629C245-6D61-4749-99B8-8123D14A53AA}.Release|x86.ActiveCfg = Release|Any CPU
		{0629C245-6D61-4749-99B8-8123D14A53AA}.Release|x86.Build.0 = Release|Any CPU
		{189AB7CB-DD5D-48A6-87B8-C7CBFEC4C27E}.Debug|Any CPU.ActiveCfg = Debug|Any CPU
		{189AB7CB-DD5D-48A6-87B8-C7CBFEC4C27E}.Debug|Any CPU.Build.0 = Debug|Any CPU
		{189AB7CB-DD5D-48A6-87B8-C7CBFEC4C27E}.Debug|x86.ActiveCfg = Debug|Any CPU
		{189AB7CB-DD5D-48A6-87B8-C7CBFEC4C27E}.Debug|x86.Build.0 = Debug|Any CPU
		{189AB7CB-DD5D-48A6-87B8-C7CBFEC4C27E}.Release|Any CPU.ActiveCfg = Release|Any CPU
		{189AB7CB-DD5D-48A6-87B8-C7CBFEC4C27E}.Release|Any CPU.Build.0 = Release|Any CPU
		{189AB7CB-DD5D-48A6-87B8-C7CBFEC4C27E}.Release|x86.ActiveCfg = Release|Any CPU
		{189AB7CB-DD5D-48A6-87B8-C7CBFEC4C27E}.Release|x86.Build.0 = Release|Any CPU
		{8D6C748D-3E62-44F6-BAA0-4258A8D04C15}.Debug|Any CPU.ActiveCfg = Debug|Any CPU
		{8D6C748D-3E62-44F6-BAA0-4258A8D04C15}.Debug|Any CPU.Build.0 = Debug|Any CPU
		{8D6C748D-3E62-44F6-BAA0-4258A8D04C15}.Debug|x86.ActiveCfg = Debug|Any CPU
		{8D6C748D-3E62-44F6-BAA0-4258A8D04C15}.Debug|x86.Build.0 = Debug|Any CPU
		{8D6C748D-3E62-44F6-BAA0-4258A8D04C15}.Release|Any CPU.ActiveCfg = Release|Any CPU
		{8D6C748D-3E62-44F6-BAA0-4258A8D04C15}.Release|Any CPU.Build.0 = Release|Any CPU
		{8D6C748D-3E62-44F6-BAA0-4258A8D04C15}.Release|x86.ActiveCfg = Release|Any CPU
		{8D6C748D-3E62-44F6-BAA0-4258A8D04C15}.Release|x86.Build.0 = Release|Any CPU
		{B8509009-0250-4E7F-9187-FD01A778562F}.Debug|Any CPU.ActiveCfg = Debug|Any CPU
		{B8509009-0250-4E7F-9187-FD01A778562F}.Debug|Any CPU.Build.0 = Debug|Any CPU
		{B8509009-0250-4E7F-9187-FD01A778562F}.Debug|x86.ActiveCfg = Debug|Any CPU
		{B8509009-0250-4E7F-9187-FD01A778562F}.Debug|x86.Build.0 = Debug|Any CPU
		{B8509009-0250-4E7F-9187-FD01A778562F}.Release|Any CPU.ActiveCfg = Release|Any CPU
		{B8509009-0250-4E7F-9187-FD01A778562F}.Release|Any CPU.Build.0 = Release|Any CPU
		{B8509009-0250-4E7F-9187-FD01A778562F}.Release|x86.ActiveCfg = Release|Any CPU
		{B8509009-0250-4E7F-9187-FD01A778562F}.Release|x86.Build.0 = Release|Any CPU
		{83039784-E5D4-4C75-B213-F11D42FC36B9}.Debug|Any CPU.ActiveCfg = Debug|Any CPU
		{83039784-E5D4-4C75-B213-F11D42FC36B9}.Debug|Any CPU.Build.0 = Debug|Any CPU
		{83039784-E5D4-4C75-B213-F11D42FC36B9}.Debug|x86.ActiveCfg = Debug|Any CPU
		{83039784-E5D4-4C75-B213-F11D42FC36B9}.Debug|x86.Build.0 = Debug|Any CPU
		{83039784-E5D4-4C75-B213-F11D42FC36B9}.Release|Any CPU.ActiveCfg = Release|Any CPU
		{83039784-E5D4-4C75-B213-F11D42FC36B9}.Release|Any CPU.Build.0 = Release|Any CPU
		{83039784-E5D4-4C75-B213-F11D42FC36B9}.Release|x86.ActiveCfg = Release|Any CPU
		{83039784-E5D4-4C75-B213-F11D42FC36B9}.Release|x86.Build.0 = Release|Any CPU
		{90C0CA2B-3524-49DA-A58A-0DF92F7EAED8}.Debug|Any CPU.ActiveCfg = Debug|Any CPU
		{90C0CA2B-3524-49DA-A58A-0DF92F7EAED8}.Debug|Any CPU.Build.0 = Debug|Any CPU
		{90C0CA2B-3524-49DA-A58A-0DF92F7EAED8}.Debug|x86.ActiveCfg = Debug|Any CPU
		{90C0CA2B-3524-49DA-A58A-0DF92F7EAED8}.Debug|x86.Build.0 = Debug|Any CPU
		{90C0CA2B-3524-49DA-A58A-0DF92F7EAED8}.Release|Any CPU.ActiveCfg = Release|Any CPU
		{90C0CA2B-3524-49DA-A58A-0DF92F7EAED8}.Release|Any CPU.Build.0 = Release|Any CPU
		{90C0CA2B-3524-49DA-A58A-0DF92F7EAED8}.Release|x86.ActiveCfg = Release|Any CPU
		{90C0CA2B-3524-49DA-A58A-0DF92F7EAED8}.Release|x86.Build.0 = Release|Any CPU
		{6D071206-3DC3-4547-AC08-43345E3BF786}.Debug|Any CPU.ActiveCfg = Debug|x64
		{6D071206-3DC3-4547-AC08-43345E3BF786}.Debug|x86.ActiveCfg = Debug|x86
		{6D071206-3DC3-4547-AC08-43345E3BF786}.Debug|x86.Build.0 = Debug|x86
		{6D071206-3DC3-4547-AC08-43345E3BF786}.Release|Any CPU.ActiveCfg = Release|x86
		{6D071206-3DC3-4547-AC08-43345E3BF786}.Release|x86.ActiveCfg = Release|x86
		{6D071206-3DC3-4547-AC08-43345E3BF786}.Release|x86.Build.0 = Release|x86
	EndGlobalSection
	GlobalSection(SolutionProperties) = preSolution
		HideSolutionNode = FALSE
	EndGlobalSection
	GlobalSection(ExtensibilityGlobals) = postSolution
		SolutionGuid = {F44C476F-7275-42D4-AA3F-05FEF5D78E83}
	EndGlobalSection
EndGlobal
